// !$*UTF8*$!
{
	archiveVersion = 1;
	classes = {
	};
	objectVersion = 56;
	objects = {

/* Begin PBXBuildFile section */
		FD1A6CC82BDD7B7900BB43FB /* CameraManager.swift in Sources */ = {isa = PBXBuildFile; fileRef = FD1A6CC72BDD7B7900BB43FB /* CameraManager.swift */; };
		FD1A6CCA2BDD7BA300BB43FB /* CameraControlView.swift in Sources */ = {isa = PBXBuildFile; fileRef = FD1A6CC92BDD7BA300BB43FB /* CameraControlView.swift */; };
		FD1A6CCC2BDD7FEF00BB43FB /* FocusIndicatorView.swift in Sources */ = {isa = PBXBuildFile; fileRef = FD1A6CCB2BDD7FEF00BB43FB /* FocusIndicatorView.swift */; };
		FD1A6CCF2BDDA89500BB43FB /* BluetoothConnectionManager.swift in Sources */ = {isa = PBXBuildFile; fileRef = FD1A6CCE2BDDA89500BB43FB /* BluetoothConnectionManager.swift */; };
		FD1A6CD22BDE641B00BB43FB /* LICENSE in Resources */ = {isa = PBXBuildFile; fileRef = FD1A6CD12BDE641B00BB43FB /* LICENSE */; };
		FD71FDD52BDBEB8700927584 /* ContentViewModel.swift in Sources */ = {isa = PBXBuildFile; fileRef = FD71FDD42BDBEB8700927584 /* ContentViewModel.swift */; };
		FDFA09472BACFB5800A4DBF7 /* ScannerApp.swift in Sources */ = {isa = PBXBuildFile; fileRef = FDFA09462BACFB5800A4DBF7 /* ScannerApp.swift */; };
		FDFA09492BACFB5800A4DBF7 /* MainScannerView.swift in Sources */ = {isa = PBXBuildFile; fileRef = FDFA09482BACFB5800A4DBF7 /* MainScannerView.swift */; };
		FDFA094B2BACFB5900A4DBF7 /* Assets.xcassets in Resources */ = {isa = PBXBuildFile; fileRef = FDFA094A2BACFB5900A4DBF7 /* Assets.xcassets */; };
		FDFA094E2BACFB5900A4DBF7 /* Preview Assets.xcassets in Resources */ = {isa = PBXBuildFile; fileRef = FDFA094D2BACFB5900A4DBF7 /* Preview Assets.xcassets */; };
		FDFBBE782BAFFF9900035A58 /* BTController.swift in Sources */ = {isa = PBXBuildFile; fileRef = FDFBBE772BAFFF9900035A58 /* BTController.swift */; };
/* End PBXBuildFile section */

/* Begin PBXContainerItemProxy section */
		FDFA09542BACFB5A00A4DBF7 /* PBXContainerItemProxy */ = {
			isa = PBXContainerItemProxy;
			containerPortal = FDFA093B2BACFB5800A4DBF7 /* Project object */;
			proxyType = 1;
			remoteGlobalIDString = FDFA09422BACFB5800A4DBF7;
			remoteInfo = HelloWorld;
		};
		FDFA095E2BACFB5A00A4DBF7 /* PBXContainerItemProxy */ = {
			isa = PBXContainerItemProxy;
			containerPortal = FDFA093B2BACFB5800A4DBF7 /* Project object */;
			proxyType = 1;
			remoteGlobalIDString = FDFA09422BACFB5800A4DBF7;
			remoteInfo = HelloWorld;
		};
/* End PBXContainerItemProxy section */

/* Begin PBXFileReference section */
		FD1A6CB12BDD786E00BB43FB /* README.md */ = {isa = PBXFileReference; lastKnownFileType = net.daringfireball.markdown; path = README.md; sourceTree = "<group>"; };
		FD1A6CC62BDD796B00BB43FB /* auto_scan.ino */ = {isa = PBXFileReference; lastKnownFileType = text; path = auto_scan.ino; sourceTree = "<group>"; };
		FD1A6CC72BDD7B7900BB43FB /* CameraManager.swift */ = {isa = PBXFileReference; lastKnownFileType = sourcecode.swift; path = CameraManager.swift; sourceTree = "<group>"; };
		FD1A6CC92BDD7BA300BB43FB /* CameraControlView.swift */ = {isa = PBXFileReference; lastKnownFileType = sourcecode.swift; path = CameraControlView.swift; sourceTree = "<group>"; };
		FD1A6CCB2BDD7FEF00BB43FB /* FocusIndicatorView.swift */ = {isa = PBXFileReference; lastKnownFileType = sourcecode.swift; path = FocusIndicatorView.swift; sourceTree = "<group>"; };
		FD1A6CCE2BDDA89500BB43FB /* BluetoothConnectionManager.swift */ = {isa = PBXFileReference; lastKnownFileType = sourcecode.swift; path = BluetoothConnectionManager.swift; sourceTree = "<group>"; };
		FD1A6CD02BDE59AB00BB43FB /* 3DScanner-Bridging-Header.h */ = {isa = PBXFileReference; lastKnownFileType = sourcecode.c.h; path = "3DScanner-Bridging-Header.h"; sourceTree = "<group>"; };
		FD1A6CD12BDE641B00BB43FB /* LICENSE */ = {isa = PBXFileReference; lastKnownFileType = text; path = LICENSE; sourceTree = "<group>"; };
		FD71FDD42BDBEB8700927584 /* ContentViewModel.swift */ = {isa = PBXFileReference; lastKnownFileType = sourcecode.swift; path = ContentViewModel.swift; sourceTree = "<group>"; };
		FDFA09432BACFB5800A4DBF7 /* 3DScanner.app */ = {isa = PBXFileReference; explicitFileType = wrapper.application; includeInIndex = 0; path = 3DScanner.app; sourceTree = BUILT_PRODUCTS_DIR; };
		FDFA09462BACFB5800A4DBF7 /* ScannerApp.swift */ = {isa = PBXFileReference; lastKnownFileType = sourcecode.swift; path = ScannerApp.swift; sourceTree = "<group>"; };
		FDFA09482BACFB5800A4DBF7 /* MainScannerView.swift */ = {isa = PBXFileReference; lastKnownFileType = sourcecode.swift; path = MainScannerView.swift; sourceTree = "<group>"; };
		FDFA094A2BACFB5900A4DBF7 /* Assets.xcassets */ = {isa = PBXFileReference; lastKnownFileType = folder.assetcatalog; path = Assets.xcassets; sourceTree = "<group>"; };
		FDFA094D2BACFB5900A4DBF7 /* Preview Assets.xcassets */ = {isa = PBXFileReference; lastKnownFileType = folder.assetcatalog; path = "Preview Assets.xcassets"; sourceTree = "<group>"; };
		FDFA09532BACFB5A00A4DBF7 /* 3DScannerTests.xctest */ = {isa = PBXFileReference; explicitFileType = wrapper.cfbundle; includeInIndex = 0; path = 3DScannerTests.xctest; sourceTree = BUILT_PRODUCTS_DIR; };
		FDFA095D2BACFB5A00A4DBF7 /* 3DScannerUITests.xctest */ = {isa = PBXFileReference; explicitFileType = wrapper.cfbundle; includeInIndex = 0; path = 3DScannerUITests.xctest; sourceTree = BUILT_PRODUCTS_DIR; };
		FDFBBE772BAFFF9900035A58 /* BTController.swift */ = {isa = PBXFileReference; lastKnownFileType = sourcecode.swift; path = BTController.swift; sourceTree = "<group>"; };
		FDFBBE792BB001E300035A58 /* Info.plist */ = {isa = PBXFileReference; lastKnownFileType = text.plist.xml; path = Info.plist; sourceTree = "<group>"; };
/* End PBXFileReference section */

/* Begin PBXFrameworksBuildPhase section */
		FDFA09402BACFB5800A4DBF7 /* Frameworks */ = {
			isa = PBXFrameworksBuildPhase;
			buildActionMask = 2147483647;
			files = (
			);
			runOnlyForDeploymentPostprocessing = 0;
		};
		FDFA09502BACFB5A00A4DBF7 /* Frameworks */ = {
			isa = PBXFrameworksBuildPhase;
			buildActionMask = 2147483647;
			files = (
			);
			runOnlyForDeploymentPostprocessing = 0;
		};
		FDFA095A2BACFB5A00A4DBF7 /* Frameworks */ = {
			isa = PBXFrameworksBuildPhase;
			buildActionMask = 2147483647;
			files = (
			);
			runOnlyForDeploymentPostprocessing = 0;
		};
/* End PBXFrameworksBuildPhase section */

/* Begin PBXGroup section */
		FD1A6CAF2BDD763C00BB43FB /* Views */ = {
			isa = PBXGroup;
			children = (
				FDFA09462BACFB5800A4DBF7 /* ScannerApp.swift */,
				FDFA09482BACFB5800A4DBF7 /* MainScannerView.swift */,
				FD1A6CC92BDD7BA300BB43FB /* CameraControlView.swift */,
				FD1A6CCB2BDD7FEF00BB43FB /* FocusIndicatorView.swift */,
			);
			path = Views;
			sourceTree = "<group>";
		};
		FD1A6CB02BDD764100BB43FB /* ViewModels */ = {
			isa = PBXGroup;
			children = (
				FD71FDD42BDBEB8700927584 /* ContentViewModel.swift */,
				FDFBBE772BAFFF9900035A58 /* BTController.swift */,
			);
			path = ViewModels;
			sourceTree = "<group>";
		};
		FD1A6CC52BDD796B00BB43FB /* Arduino */ = {
			isa = PBXGroup;
			children = (
				FD1A6CC62BDD796B00BB43FB /* auto_scan.ino */,
			);
			path = Arduino;
			sourceTree = "<group>";
		};
		FD1A6CCD2BDDA87800BB43FB /* Managers */ = {
			isa = PBXGroup;
			children = (
				FD1A6CC72BDD7B7900BB43FB /* CameraManager.swift */,
				FD1A6CCE2BDDA89500BB43FB /* BluetoothConnectionManager.swift */,
			);
			path = Managers;
			sourceTree = "<group>";
		};
		FDFA093A2BACFB5800A4DBF7 = {
			isa = PBXGroup;
			children = (
				FD1A6CD12BDE641B00BB43FB /* LICENSE */,
				FD1A6CC52BDD796B00BB43FB /* Arduino */,
				FD1A6CB12BDD786E00BB43FB /* README.md */,
				FDFA09452BACFB5800A4DBF7 /* App */,
				FDFA09442BACFB5800A4DBF7 /* Products */,
			);
			sourceTree = "<group>";
		};
		FDFA09442BACFB5800A4DBF7 /* Products */ = {
			isa = PBXGroup;
			children = (
				FDFA09432BACFB5800A4DBF7 /* 3DScanner.app */,
				FDFA09532BACFB5A00A4DBF7 /* 3DScannerTests.xctest */,
				FDFA095D2BACFB5A00A4DBF7 /* 3DScannerUITests.xctest */,
			);
			name = Products;
			sourceTree = "<group>";
		};
		FDFA09452BACFB5800A4DBF7 /* App */ = {
			isa = PBXGroup;
			children = (
				FD1A6CCD2BDDA87800BB43FB /* Managers */,
				FD1A6CB02BDD764100BB43FB /* ViewModels */,
				FD1A6CAF2BDD763C00BB43FB /* Views */,
				FDFBBE792BB001E300035A58 /* Info.plist */,
				FDFA094A2BACFB5900A4DBF7 /* Assets.xcassets */,
				FDFA094C2BACFB5900A4DBF7 /* Preview Content */,
				FD1A6CD02BDE59AB00BB43FB /* 3DScanner-Bridging-Header.h */,
			);
			path = App;
			sourceTree = "<group>";
		};
		FDFA094C2BACFB5900A4DBF7 /* Preview Content */ = {
			isa = PBXGroup;
			children = (
				FDFA094D2BACFB5900A4DBF7 /* Preview Assets.xcassets */,
			);
			path = "Preview Content";
			sourceTree = "<group>";
		};
/* End PBXGroup section */

/* Begin PBXNativeTarget section */
		FDFA09422BACFB5800A4DBF7 /* 3DScanner */ = {
			isa = PBXNativeTarget;
			buildConfigurationList = FDFA09672BACFB5A00A4DBF7 /* Build configuration list for PBXNativeTarget "3DScanner" */;
			buildPhases = (
				FDFA093F2BACFB5800A4DBF7 /* Sources */,
				FDFA09402BACFB5800A4DBF7 /* Frameworks */,
				FDFA09412BACFB5800A4DBF7 /* Resources */,
			);
			buildRules = (
			);
			dependencies = (
			);
			name = 3DScanner;
			packageProductDependencies = (
			);
			productName = HelloWorld;
			productReference = FDFA09432BACFB5800A4DBF7 /* 3DScanner.app */;
			productType = "com.apple.product-type.application";
		};
		FDFA09522BACFB5A00A4DBF7 /* 3DScannerTests */ = {
			isa = PBXNativeTarget;
			buildConfigurationList = FDFA096A2BACFB5A00A4DBF7 /* Build configuration list for PBXNativeTarget "3DScannerTests" */;
			buildPhases = (
				FDFA094F2BACFB5A00A4DBF7 /* Sources */,
				FDFA09502BACFB5A00A4DBF7 /* Frameworks */,
				FDFA09512BACFB5A00A4DBF7 /* Resources */,
			);
			buildRules = (
			);
			dependencies = (
				FDFA09552BACFB5A00A4DBF7 /* PBXTargetDependency */,
			);
			name = 3DScannerTests;
			productName = HelloWorldTests;
			productReference = FDFA09532BACFB5A00A4DBF7 /* 3DScannerTests.xctest */;
			productType = "com.apple.product-type.bundle.unit-test";
		};
		FDFA095C2BACFB5A00A4DBF7 /* 3DScannerUITests */ = {
			isa = PBXNativeTarget;
			buildConfigurationList = FDFA096D2BACFB5A00A4DBF7 /* Build configuration list for PBXNativeTarget "3DScannerUITests" */;
			buildPhases = (
				FDFA09592BACFB5A00A4DBF7 /* Sources */,
				FDFA095A2BACFB5A00A4DBF7 /* Frameworks */,
				FDFA095B2BACFB5A00A4DBF7 /* Resources */,
			);
			buildRules = (
			);
			dependencies = (
				FDFA095F2BACFB5A00A4DBF7 /* PBXTargetDependency */,
			);
			name = 3DScannerUITests;
			productName = HelloWorldUITests;
			productReference = FDFA095D2BACFB5A00A4DBF7 /* 3DScannerUITests.xctest */;
			productType = "com.apple.product-type.bundle.ui-testing";
		};
/* End PBXNativeTarget section */

/* Begin PBXProject section */
		FDFA093B2BACFB5800A4DBF7 /* Project object */ = {
			isa = PBXProject;
			attributes = {
				BuildIndependentTargetsInParallel = 1;
				LastSwiftUpdateCheck = 1420;
				LastUpgradeCheck = 1420;
				TargetAttributes = {
					FDFA09422BACFB5800A4DBF7 = {
						CreatedOnToolsVersion = 14.2;
					};
					FDFA09522BACFB5A00A4DBF7 = {
						CreatedOnToolsVersion = 14.2;
						TestTargetID = FDFA09422BACFB5800A4DBF7;
					};
					FDFA095C2BACFB5A00A4DBF7 = {
						CreatedOnToolsVersion = 14.2;
						TestTargetID = FDFA09422BACFB5800A4DBF7;
					};
				};
			};
			buildConfigurationList = FDFA093E2BACFB5800A4DBF7 /* Build configuration list for PBXProject "3DScanner" */;
			compatibilityVersion = "Xcode 14.0";
			developmentRegion = en;
			hasScannedForEncodings = 0;
			knownRegions = (
				en,
				Base,
			);
			mainGroup = FDFA093A2BACFB5800A4DBF7;
			packageReferences = (
				FDFBBE982BB04B2600035A58 /* XCRemoteSwiftPackageReference "GCDWebServer" */,
			);
			productRefGroup = FDFA09442BACFB5800A4DBF7 /* Products */;
			projectDirPath = "";
			projectRoot = "";
			targets = (
				FDFA09422BACFB5800A4DBF7 /* 3DScanner */,
				FDFA09522BACFB5A00A4DBF7 /* 3DScannerTests */,
				FDFA095C2BACFB5A00A4DBF7 /* 3DScannerUITests */,
			);
		};
/* End PBXProject section */

/* Begin PBXResourcesBuildPhase section */
		FDFA09412BACFB5800A4DBF7 /* Resources */ = {
			isa = PBXResourcesBuildPhase;
			buildActionMask = 2147483647;
			files = (
				FD1A6CD22BDE641B00BB43FB /* LICENSE in Resources */,
				FDFA094E2BACFB5900A4DBF7 /* Preview Assets.xcassets in Resources */,
				FDFA094B2BACFB5900A4DBF7 /* Assets.xcassets in Resources */,
			);
			runOnlyForDeploymentPostprocessing = 0;
		};
		FDFA09512BACFB5A00A4DBF7 /* Resources */ = {
			isa = PBXResourcesBuildPhase;
			buildActionMask = 2147483647;
			files = (
			);
			runOnlyForDeploymentPostprocessing = 0;
		};
		FDFA095B2BACFB5A00A4DBF7 /* Resources */ = {
			isa = PBXResourcesBuildPhase;
			buildActionMask = 2147483647;
			files = (
			);
			runOnlyForDeploymentPostprocessing = 0;
		};
/* End PBXResourcesBuildPhase section */

/* Begin PBXSourcesBuildPhase section */
		FDFA093F2BACFB5800A4DBF7 /* Sources */ = {
			isa = PBXSourcesBuildPhase;
			buildActionMask = 2147483647;
			files = (
				FD1A6CCF2BDDA89500BB43FB /* BluetoothConnectionManager.swift in Sources */,
				FD1A6CCA2BDD7BA300BB43FB /* CameraControlView.swift in Sources */,
				FDFA09492BACFB5800A4DBF7 /* MainScannerView.swift in Sources */,
				FDFA09472BACFB5800A4DBF7 /* ScannerApp.swift in Sources */,
				FD1A6CCC2BDD7FEF00BB43FB /* FocusIndicatorView.swift in Sources */,
				FDFBBE782BAFFF9900035A58 /* BTController.swift in Sources */,
				FD1A6CC82BDD7B7900BB43FB /* CameraManager.swift in Sources */,
				FD71FDD52BDBEB8700927584 /* ContentViewModel.swift in Sources */,
			);
			runOnlyForDeploymentPostprocessing = 0;
		};
		FDFA094F2BACFB5A00A4DBF7 /* Sources */ = {
			isa = PBXSourcesBuildPhase;
			buildActionMask = 2147483647;
			files = (
			);
			runOnlyForDeploymentPostprocessing = 0;
		};
		FDFA09592BACFB5A00A4DBF7 /* Sources */ = {
			isa = PBXSourcesBuildPhase;
			buildActionMask = 2147483647;
			files = (
			);
			runOnlyForDeploymentPostprocessing = 0;
		};
/* End PBXSourcesBuildPhase section */

/* Begin PBXTargetDependency section */
		FDFA09552BACFB5A00A4DBF7 /* PBXTargetDependency */ = {
			isa = PBXTargetDependency;
			target = FDFA09422BACFB5800A4DBF7 /* 3DScanner */;
			targetProxy = FDFA09542BACFB5A00A4DBF7 /* PBXContainerItemProxy */;
		};
		FDFA095F2BACFB5A00A4DBF7 /* PBXTargetDependency */ = {
			isa = PBXTargetDependency;
			target = FDFA09422BACFB5800A4DBF7 /* 3DScanner */;
			targetProxy = FDFA095E2BACFB5A00A4DBF7 /* PBXContainerItemProxy */;
		};
/* End PBXTargetDependency section */

/* Begin XCBuildConfiguration section */
		FDFA09652BACFB5A00A4DBF7 /* Debug */ = {
			isa = XCBuildConfiguration;
			buildSettings = {
				ALWAYS_SEARCH_USER_PATHS = NO;
				CLANG_ANALYZER_NONNULL = YES;
				CLANG_ANALYZER_NUMBER_OBJECT_CONVERSION = YES_AGGRESSIVE;
				CLANG_CXX_LANGUAGE_STANDARD = "gnu++20";
				CLANG_ENABLE_MODULES = YES;
				CLANG_ENABLE_OBJC_ARC = YES;
				CLANG_ENABLE_OBJC_WEAK = YES;
				CLANG_WARN_BLOCK_CAPTURE_AUTORELEASING = YES;
				CLANG_WARN_BOOL_CONVERSION = YES;
				CLANG_WARN_COMMA = YES;
				CLANG_WARN_CONSTANT_CONVERSION = YES;
				CLANG_WARN_DEPRECATED_OBJC_IMPLEMENTATIONS = YES;
				CLANG_WARN_DIRECT_OBJC_ISA_USAGE = YES_ERROR;
				CLANG_WARN_DOCUMENTATION_COMMENTS = YES;
				CLANG_WARN_EMPTY_BODY = YES;
				CLANG_WARN_ENUM_CONVERSION = YES;
				CLANG_WARN_INFINITE_RECURSION = YES;
				CLANG_WARN_INT_CONVERSION = YES;
				CLANG_WARN_NON_LITERAL_NULL_CONVERSION = YES;
				CLANG_WARN_OBJC_IMPLICIT_RETAIN_SELF = YES;
				CLANG_WARN_OBJC_LITERAL_CONVERSION = YES;
				CLANG_WARN_OBJC_ROOT_CLASS = YES_ERROR;
				CLANG_WARN_QUOTED_INCLUDE_IN_FRAMEWORK_HEADER = YES;
				CLANG_WARN_RANGE_LOOP_ANALYSIS = YES;
				CLANG_WARN_STRICT_PROTOTYPES = YES;
				CLANG_WARN_SUSPICIOUS_MOVE = YES;
				CLANG_WARN_UNGUARDED_AVAILABILITY = YES_AGGRESSIVE;
				CLANG_WARN_UNREACHABLE_CODE = YES;
				CLANG_WARN__DUPLICATE_METHOD_MATCH = YES;
				COPY_PHASE_STRIP = NO;
				DEBUG_INFORMATION_FORMAT = dwarf;
				ENABLE_STRICT_OBJC_MSGSEND = YES;
				ENABLE_TESTABILITY = YES;
				GCC_C_LANGUAGE_STANDARD = gnu11;
				GCC_DYNAMIC_NO_PIC = NO;
				GCC_NO_COMMON_BLOCKS = YES;
				GCC_OPTIMIZATION_LEVEL = 0;
				GCC_PREPROCESSOR_DEFINITIONS = (
					"DEBUG=1",
					"$(inherited)",
				);
				GCC_WARN_64_TO_32_BIT_CONVERSION = YES;
				GCC_WARN_ABOUT_RETURN_TYPE = YES_ERROR;
				GCC_WARN_UNDECLARED_SELECTOR = YES;
				GCC_WARN_UNINITIALIZED_AUTOS = YES_AGGRESSIVE;
				GCC_WARN_UNUSED_FUNCTION = YES;
				GCC_WARN_UNUSED_VARIABLE = YES;
				IPHONEOS_DEPLOYMENT_TARGET = 16.2;
				MTL_ENABLE_DEBUG_INFO = INCLUDE_SOURCE;
				MTL_FAST_MATH = YES;
				ONLY_ACTIVE_ARCH = YES;
				SDKROOT = iphoneos;
				SWIFT_ACTIVE_COMPILATION_CONDITIONS = DEBUG;
				SWIFT_OPTIMIZATION_LEVEL = "-Onone";
			};
			name = Debug;
		};
		FDFA09662BACFB5A00A4DBF7 /* Release */ = {
			isa = XCBuildConfiguration;
			buildSettings = {
				ALWAYS_SEARCH_USER_PATHS = NO;
				CLANG_ANALYZER_NONNULL = YES;
				CLANG_ANALYZER_NUMBER_OBJECT_CONVERSION = YES_AGGRESSIVE;
				CLANG_CXX_LANGUAGE_STANDARD = "gnu++20";
				CLANG_ENABLE_MODULES = YES;
				CLANG_ENABLE_OBJC_ARC = YES;
				CLANG_ENABLE_OBJC_WEAK = YES;
				CLANG_WARN_BLOCK_CAPTURE_AUTORELEASING = YES;
				CLANG_WARN_BOOL_CONVERSION = YES;
				CLANG_WARN_COMMA = YES;
				CLANG_WARN_CONSTANT_CONVERSION = YES;
				CLANG_WARN_DEPRECATED_OBJC_IMPLEMENTATIONS = YES;
				CLANG_WARN_DIRECT_OBJC_ISA_USAGE = YES_ERROR;
				CLANG_WARN_DOCUMENTATION_COMMENTS = YES;
				CLANG_WARN_EMPTY_BODY = YES;
				CLANG_WARN_ENUM_CONVERSION = YES;
				CLANG_WARN_INFINITE_RECURSION = YES;
				CLANG_WARN_INT_CONVERSION = YES;
				CLANG_WARN_NON_LITERAL_NULL_CONVERSION = YES;
				CLANG_WARN_OBJC_IMPLICIT_RETAIN_SELF = YES;
				CLANG_WARN_OBJC_LITERAL_CONVERSION = YES;
				CLANG_WARN_OBJC_ROOT_CLASS = YES_ERROR;
				CLANG_WARN_QUOTED_INCLUDE_IN_FRAMEWORK_HEADER = YES;
				CLANG_WARN_RANGE_LOOP_ANALYSIS = YES;
				CLANG_WARN_STRICT_PROTOTYPES = YES;
				CLANG_WARN_SUSPICIOUS_MOVE = YES;
				CLANG_WARN_UNGUARDED_AVAILABILITY = YES_AGGRESSIVE;
				CLANG_WARN_UNREACHABLE_CODE = YES;
				CLANG_WARN__DUPLICATE_METHOD_MATCH = YES;
				COPY_PHASE_STRIP = NO;
				DEBUG_INFORMATION_FORMAT = "dwarf-with-dsym";
				ENABLE_NS_ASSERTIONS = NO;
				ENABLE_STRICT_OBJC_MSGSEND = YES;
				GCC_C_LANGUAGE_STANDARD = gnu11;
				GCC_NO_COMMON_BLOCKS = YES;
				GCC_WARN_64_TO_32_BIT_CONVERSION = YES;
				GCC_WARN_ABOUT_RETURN_TYPE = YES_ERROR;
				GCC_WARN_UNDECLARED_SELECTOR = YES;
				GCC_WARN_UNINITIALIZED_AUTOS = YES_AGGRESSIVE;
				GCC_WARN_UNUSED_FUNCTION = YES;
				GCC_WARN_UNUSED_VARIABLE = YES;
				IPHONEOS_DEPLOYMENT_TARGET = 16.2;
				MTL_ENABLE_DEBUG_INFO = NO;
				MTL_FAST_MATH = YES;
				SDKROOT = iphoneos;
				SWIFT_COMPILATION_MODE = wholemodule;
				SWIFT_OPTIMIZATION_LEVEL = "-O";
				VALIDATE_PRODUCT = YES;
			};
			name = Release;
		};
		FDFA09682BACFB5A00A4DBF7 /* Debug */ = {
			isa = XCBuildConfiguration;
			buildSettings = {
				ASSETCATALOG_COMPILER_APPICON_NAME = AppIcon;
				ASSETCATALOG_COMPILER_GLOBAL_ACCENT_COLOR_NAME = AccentColor;
				CODE_SIGN_STYLE = Automatic;
				CURRENT_PROJECT_VERSION = 1;
				DEVELOPMENT_ASSET_PATHS = "\"App/Preview Content\"";
				DEVELOPMENT_TEAM = YF72WZ25CP;
				ENABLE_PREVIEWS = YES;
				GENERATE_INFOPLIST_FILE = YES;
				INFOPLIST_FILE = App/Info.plist;
				INFOPLIST_KEY_NSBluetoothAlwaysUsageDescription = "Give access to bluetooth to be able to communicate with 3D Scanner";
				INFOPLIST_KEY_NSBluetoothPeripheralUsageDescription = "Give access to bluetooth to operate the scanner";
				INFOPLIST_KEY_NSCameraUsageDescription = "Give access to camera to be able to scan objects";
				INFOPLIST_KEY_NSPhotoLibraryAddUsageDescription = "Give access to gallery to store photos of 3D objects";
				INFOPLIST_KEY_NSPhotoLibraryUsageDescription = "Give access to gallery to store photos of 3D objects";
				INFOPLIST_KEY_UIApplicationSceneManifest_Generation = YES;
				INFOPLIST_KEY_UIApplicationSupportsIndirectInputEvents = YES;
				INFOPLIST_KEY_UILaunchScreen_Generation = YES;
				INFOPLIST_KEY_UISupportedInterfaceOrientations_iPad = "UIInterfaceOrientationPortrait UIInterfaceOrientationPortraitUpsideDown UIInterfaceOrientationLandscapeLeft UIInterfaceOrientationLandscapeRight";
				INFOPLIST_KEY_UISupportedInterfaceOrientations_iPhone = "UIInterfaceOrientationPortrait UIInterfaceOrientationLandscapeLeft UIInterfaceOrientationLandscapeRight";
				IPHONEOS_DEPLOYMENT_TARGET = 15.8;
				LD_RUNPATH_SEARCH_PATHS = (
					"$(inherited)",
					"@executable_path/Frameworks",
				);
				MARKETING_VERSION = 1.0;
				PRODUCT_BUNDLE_IDENTIFIER = Scan3D.App;
				PRODUCT_NAME = "$(TARGET_NAME)";
				SWIFT_EMIT_LOC_STRINGS = YES;
				SWIFT_OBJC_BRIDGING_HEADER = "App/3DScanner-Bridging-Header.h";
				SWIFT_VERSION = 5.0;
				TARGETED_DEVICE_FAMILY = 1;
			};
			name = Debug;
		};
		FDFA09692BACFB5A00A4DBF7 /* Release */ = {
			isa = XCBuildConfiguration;
			buildSettings = {
				ASSETCATALOG_COMPILER_APPICON_NAME = AppIcon;
				ASSETCATALOG_COMPILER_GLOBAL_ACCENT_COLOR_NAME = AccentColor;
				CODE_SIGN_STYLE = Automatic;
				CURRENT_PROJECT_VERSION = 1;
				DEVELOPMENT_ASSET_PATHS = "\"App/Preview Content\"";
				DEVELOPMENT_TEAM = YF72WZ25CP;
				ENABLE_PREVIEWS = YES;
				GENERATE_INFOPLIST_FILE = YES;
				INFOPLIST_FILE = App/Info.plist;
				INFOPLIST_KEY_NSBluetoothAlwaysUsageDescription = "Give access to bluetooth to be able to communicate with 3D Scanner";
				INFOPLIST_KEY_NSBluetoothPeripheralUsageDescription = "Give access to bluetooth to operate the scanner";
				INFOPLIST_KEY_NSCameraUsageDescription = "Give access to camera to be able to scan objects";
				INFOPLIST_KEY_NSPhotoLibraryAddUsageDescription = "Give access to gallery to store photos of 3D objects";
				INFOPLIST_KEY_NSPhotoLibraryUsageDescription = "Give access to gallery to store photos of 3D objects";
				INFOPLIST_KEY_UIApplicationSceneManifest_Generation = YES;
				INFOPLIST_KEY_UIApplicationSupportsIndirectInputEvents = YES;
				INFOPLIST_KEY_UILaunchScreen_Generation = YES;
				INFOPLIST_KEY_UISupportedInterfaceOrientations_iPad = "UIInterfaceOrientationPortrait UIInterfaceOrientationPortraitUpsideDown UIInterfaceOrientationLandscapeLeft UIInterfaceOrientationLandscapeRight";
				INFOPLIST_KEY_UISupportedInterfaceOrientations_iPhone = "UIInterfaceOrientationPortrait UIInterfaceOrientationLandscapeLeft UIInterfaceOrientationLandscapeRight";
				IPHONEOS_DEPLOYMENT_TARGET = 15.8;
				LD_RUNPATH_SEARCH_PATHS = (
					"$(inherited)",
					"@executable_path/Frameworks",
				);
				MARKETING_VERSION = 1.0;
				PRODUCT_BUNDLE_IDENTIFIER = Scan3D.App;
				PRODUCT_NAME = "$(TARGET_NAME)";
				SWIFT_EMIT_LOC_STRINGS = YES;
				SWIFT_OBJC_BRIDGING_HEADER = "App/3DScanner-Bridging-Header.h";
				SWIFT_VERSION = 5.0;
				TARGETED_DEVICE_FAMILY = 1;
			};
			name = Release;
		};
		FDFA096B2BACFB5A00A4DBF7 /* Debug */ = {
			isa = XCBuildConfiguration;
			buildSettings = {
				ALWAYS_EMBED_SWIFT_STANDARD_LIBRARIES = YES;
				BUNDLE_LOADER = "$(TEST_HOST)";
				CODE_SIGN_STYLE = Automatic;
				CURRENT_PROJECT_VERSION = 1;
				GENERATE_INFOPLIST_FILE = YES;
				IPHONEOS_DEPLOYMENT_TARGET = 16.2;
				MARKETING_VERSION = 1.0;
				PRODUCT_BUNDLE_IDENTIFIER = Scan3D.HelloWorldTests;
				PRODUCT_NAME = "$(TARGET_NAME)";
				SWIFT_EMIT_LOC_STRINGS = NO;
				SWIFT_VERSION = 5.0;
				TARGETED_DEVICE_FAMILY = "1,2";
				TEST_HOST = "$(BUILT_PRODUCTS_DIR)/3DScanner.app/$(BUNDLE_EXECUTABLE_FOLDER_PATH)/3DScanner";
			};
			name = Debug;
		};
		FDFA096C2BACFB5A00A4DBF7 /* Release */ = {
			isa = XCBuildConfiguration;
			buildSettings = {
				ALWAYS_EMBED_SWIFT_STANDARD_LIBRARIES = YES;
				BUNDLE_LOADER = "$(TEST_HOST)";
				CODE_SIGN_STYLE = Automatic;
				CURRENT_PROJECT_VERSION = 1;
				GENERATE_INFOPLIST_FILE = YES;
				IPHONEOS_DEPLOYMENT_TARGET = 16.2;
				MARKETING_VERSION = 1.0;
				PRODUCT_BUNDLE_IDENTIFIER = Scan3D.HelloWorldTests;
				PRODUCT_NAME = "$(TARGET_NAME)";
				SWIFT_EMIT_LOC_STRINGS = NO;
				SWIFT_VERSION = 5.0;
				TARGETED_DEVICE_FAMILY = "1,2";
				TEST_HOST = "$(BUILT_PRODUCTS_DIR)/3DScanner.app/$(BUNDLE_EXECUTABLE_FOLDER_PATH)/3DScanner";
			};
			name = Release;
		};
		FDFA096E2BACFB5A00A4DBF7 /* Debug */ = {
			isa = XCBuildConfiguration;
			buildSettings = {
				ALWAYS_EMBED_SWIFT_STANDARD_LIBRARIES = YES;
				CODE_SIGN_STYLE = Automatic;
				CURRENT_PROJECT_VERSION = 1;
				GENERATE_INFOPLIST_FILE = YES;
				MARKETING_VERSION = 1.0;
				PRODUCT_BUNDLE_IDENTIFIER = Scan3D.HelloWorldUITests;
				PRODUCT_NAME = "$(TARGET_NAME)";
				SWIFT_EMIT_LOC_STRINGS = NO;
				SWIFT_VERSION = 5.0;
				TARGETED_DEVICE_FAMILY = "1,2";
				TEST_TARGET_NAME = HelloWorld;
			};
			name = Debug;
		};
		FDFA096F2BACFB5A00A4DBF7 /* Release */ = {
			isa = XCBuildConfiguration;
			buildSettings = {
				ALWAYS_EMBED_SWIFT_STANDARD_LIBRARIES = YES;
				CODE_SIGN_STYLE = Automatic;
				CURRENT_PROJECT_VERSION = 1;
				GENERATE_INFOPLIST_FILE = YES;
				MARKETING_VERSION = 1.0;
				PRODUCT_BUNDLE_IDENTIFIER = Scan3D.HelloWorldUITests;
				PRODUCT_NAME = "$(TARGET_NAME)";
				SWIFT_EMIT_LOC_STRINGS = NO;
				SWIFT_VERSION = 5.0;
				TARGETED_DEVICE_FAMILY = "1,2";
				TEST_TARGET_NAME = HelloWorld;
			};
			name = Release;
		};
/* End XCBuildConfiguration section */

/* Begin XCConfigurationList section */
		FDFA093E2BACFB5800A4DBF7 /* Build configuration list for PBXProject "3DScanner" */ = {
			isa = XCConfigurationList;
			buildConfigurations = (
				FDFA09652BACFB5A00A4DBF7 /* Debug */,
				FDFA09662BACFB5A00A4DBF7 /* Release */,
			);
			defaultConfigurationIsVisible = 0;
			defaultConfigurationName = Release;
		};
		FDFA09672BACFB5A00A4DBF7 /* Build configuration list for PBXNativeTarget "3DScanner" */ = {
			isa = XCConfigurationList;
			buildConfigurations = (
				FDFA09682BACFB5A00A4DBF7 /* Debug */,
				FDFA09692BACFB5A00A4DBF7 /* Release */,
			);
			defaultConfigurationIsVisible = 0;
			defaultConfigurationName = Release;
		};
		FDFA096A2BACFB5A00A4DBF7 /* Build configuration list for PBXNativeTarget "3DScannerTests" */ = {
			isa = XCConfigurationList;
			buildConfigurations = (
				FDFA096B2BACFB5A00A4DBF7 /* Debug */,
				FDFA096C2BACFB5A00A4DBF7 /* Release */,
			);
			defaultConfigurationIsVisible = 0;
			defaultConfigurationName = Release;
		};
		FDFA096D2BACFB5A00A4DBF7 /* Build configuration list for PBXNativeTarget "3DScannerUITests" */ = {
			isa = XCConfigurationList;
			buildConfigurations = (
				FDFA096E2BACFB5A00A4DBF7 /* Debug */,
				FDFA096F2BACFB5A00A4DBF7 /* Release */,
			);
			defaultConfigurationIsVisible = 0;
			defaultConfigurationName = Release;
		};
/* End XCConfigurationList section */

/* Begin XCRemoteSwiftPackageReference section */
		FDFBBE982BB04B2600035A58 /* XCRemoteSwiftPackageReference "GCDWebServer" */ = {
			isa = XCRemoteSwiftPackageReference;
			repositoryURL = "https://github.com/yene/GCDWebServer.git";
			requirement = {
				kind = upToNextMajorVersion;
				minimumVersion = 3.0.0;
			};
		};
/* End XCRemoteSwiftPackageReference section */
	};
	rootObject = FDFA093B2BACFB5800A4DBF7 /* Project object */;
}
