{
  "pins" : [
    {
      "identity" : "gcdwebserver",
      "kind" : "remoteSourceControl",
      "location" : "https://github.com/yene/GCDWebServer.git",
      "state" : {
        "revision" : "c2f837b30038ef716b77225f40cc8d104b6ff645",
        "version" : "3.5.7"
      }
    }
  ],
  "version" : 2
}
